{
  "name": "codemirror",
  "version": "1.0.0",
  "lockfileVersion": 3,
  "requires": true,
  "packages": {
    "": {
      "name": "codemirror",
      "version": "1.0.0",
      "license": "ISC",
      "dependencies": {
        "@codemirror/lang-cpp": "^6.0.3",
        "@codemirror/lang-go": "^6.0.1",
        "@codemirror/lang-java": "^6.0.2",
        "@codemirror/lang-markdown": "^6.5.0",
        "@codemirror/lang-python": "^6.2.1",
        "@codemirror/lang-rust": "^6.0.2",
        "codemirror": "^6.0.2"
      }
    },
    "node_modules/@codemirror/autocomplete": {
      "version": "6.20.1",
      "resolved": "https://registry.npmjs.org/@codemirror/autocomplete/-/autocomplete-6.20.1.tgz",
      "integrity": "sha512-1cvg3Vz1dSSToCNlJfRA2WSI4ht3K+WplO0UMOgmUYPivCyy2oueZY6Lx7M9wThm7SDUBViRmuT+OG/i8+ON9A==",
      "dependencies": {
        "@codemirror/language": "^6.0.0",
        "@codemirror/state": "^6.0.0",
        "@codemirror/view": "^6.17.0",
        "@lezer/common": "^1.0.0"
      }
    },
    "node_modules/@codemirror/commands": {
      "version": "6.10.3",
      "resolved": "https://registry.npmjs.org/@codemirror/commands/-/commands-6.10.3.tgz",
      "integrity": "sha512-JFRiqhKu+bvSkDLI+rUhJwSxQxYb759W5GBezE8Uc8mHLqC9aV/9aTC7yJSqCtB3F00pylrLCwnyS91Ap5ej4Q==",
      "dependencies": {
        "@codemirror/language": "^6.0.0",
        "@codemirror/state": "^6.6.0",
        "@codemirror/view": "^6.27.0",
        "@lezer/common": "^1.1.0"
      }
    },
    "node_modules/@codemirror/lang-cpp": {
      "version": "6.0.3",
      "resolved": "https://registry.npmjs.org/@codemirror/lang-cpp/-/lang-cpp-6.0.3.tgz",
      "integrity": "sha512-URM26M3vunFFn9/sm6rzqrBzDgfWuDixp85uTY49wKudToc2jTHUrKIGGKs+QWND+YLofNNZpxcNGRynFJfvgA==",
      "license": "MIT",
      "dependencies": {
        "@codemirror/language": "^6.0.0",
        "@lezer/cpp": "^1.0.0"
      }
    },
    "node_modules/@codemirror/lang-css": {
      "version": "6.3.1",
      "resolved": "https://registry.npmjs.org/@codemirror/lang-css/-/lang-css-6.3.1.tgz",
      "integrity": "sha512-kr5fwBGiGtmz6l0LSJIbno9QrifNMUusivHbnA1H6Dmqy4HZFte3UAICix1VuKo0lMPKQr2rqB+0BkKi/S3Ejg==",
      "dependencies": {
        "@codemirror/autocomplete": "^6.0.0",
        "@codemirror/language": "^6.0.0",
        "@codemirror/state": "^6.0.0",
        "@lezer/common": "^1.0.2",
        "@lezer/css": "^1.1.7"
      }
    },
    "node_modules/@codemirror/lang-go": {
      "version": "6.0.1",
      "resolved": "https://registry.npmjs.org/@codemirror/lang-go/-/lang-go-6.0.1.tgz",
      "integrity": "sha512-7fNvbyNylvqCphW9HD6WFnRpcDjr+KXX/FgqXy5H5ZS0eC5edDljukm/yNgYkwTsgp2busdod50AOTIy6Jikfg==",
      "license": "MIT",
      "dependencies": {
        "@codemirror/autocomplete": "^6.0.0",
        "@codemirror/language": "^6.6.0",
        "@codemirror/state": "^6.0.0",
        "@lezer/common": "^1.0.0",
        "@lezer/go": "^1.0.0"
      }
    },
    "node_modules/@codemirror/lang-html": {
      "version": "6.4.11",
      "resolved": "https://registry.npmjs.org/@codemirror/lang-html/-/lang-html-6.4.11.tgz",
      "integrity": "sha512-9NsXp7Nwp891pQchI7gPdTwBuSuT3K65NGTHWHNJ55HjYcHLllr0rbIZNdOzas9ztc1EUVBlHou85FFZS4BNnw==",
      "dependencies": {
        "@codemirror/autocomplete": "^6.0.0",
        "@codemirror/lang-css": "^6.0.0",
        "@codemirror/lang-javascript": "^6.0.0",
        "@codemirror/language": "^6.4.0",
        "@codemirror/state": "^6.0.0",
        "@codemirror/view": "^6.17.0",
        "@lezer/common": "^1.0.0",
        "@lezer/css": "^1.1.0",
        "@lezer/html": "^1.3.12"
      }
    },
    "node_modules/@codemirror/lang-java": {
      "version": "6.0.2",
      "resolved": "https://registry.npmjs.org/@codemirror/lang-java/-/lang-java-6.0.2.tgz",
      "integrity": "sha512-m5Nt1mQ/cznJY7tMfQTJchmrjdjQ71IDs+55d1GAa8DGaB8JXWsVCkVT284C3RTASaY43YknrK2X3hPO/J3MOQ==",
      "license": "MIT",
      "dependencies": {
        "@codemirror/language": "^6.0.0",
        "@lezer/java": "^1.0.0"
      }
    },
    "node_modules/@codemirror/lang-javascript": {
      "version": "6.2.5",
      "resolved": "https://registry.npmjs.org/@codemirror/lang-javascript/-/lang-javascript-6.2.5.tgz",
      "integrity": "sha512-zD4e5mS+50htS7F+TYjBPsiIFGanfVqg4HyUz6WNFikgOPf2BgKlx+TQedI1w6n/IqRBVBbBWmGFdLB/7uxO4A==",
      "dependencies": {
        "@codemirror/autocomplete": "^6.0.0",
        "@codemirror/language": "^6.6.0",
        "@codemirror/lint": "^6.0.0",
        "@codemirror/state": "^6.0.0",
        "@codemirror/view": "^6.17.0",
        "@lezer/common": "^1.0.0",
        "@lezer/javascript": "^1.0.0"
      }
    },
    "node_modules/@codemirror/lang-markdown": {
      "version": "6.5.0",
      "resolved": "https://registry.npmjs.org/@codemirror/lang-markdown/-/lang-markdown-6.5.0.tgz",
      "integrity": "sha512-0K40bZ35jpHya6FriukbgaleaqzBLZfOh7HuzqbMxBXkbYMJDxfF39c23xOgxFezR+3G+tR2/Mup+Xk865OMvw==",
      "dependencies": {
        "@codemirror/autocomplete": "^6.7.1",
        "@codemirror/lang-html": "^6.0.0",
        "@codemirror/language": "^6.3.0",
        "@codemirror/state": "^6.0.0",
        "@codemirror/view": "^6.0.0",
        "@lezer/common": "^1.2.1",
        "@lezer/markdown": "^1.0.0"
      }
    },
    "node_modules/@codemirror/lang-python": {
      "version": "6.2.1",
      "resolved": "https://registry.npmjs.org/@codemirror/lang-python/-/lang-python-6.2.1.tgz",
      "integrity": "sha512-IRjC8RUBhn9mGR9ywecNhB51yePWCGgvHfY1lWN/Mrp3cKuHr0isDKia+9HnvhiWNnMpbGhWrkhuWOc09exRyw==",
      "license": "MIT",
      "dependencies": {
        "@codemirror/autocomplete": "^6.3.2",
        "@codemirror/language": "^6.8.0",
        "@codemirror/state": "^6.0.0",
        "@lezer/common": "^1.2.1",
        "@lezer/python": "^1.1.4"
      }
    },
    "node_modules/@codemirror/lang-rust": {
      "version": "6.0.2",
      "resolved": "https://registry.npmjs.org/@codemirror/lang-rust/-/lang-rust-6.0.2.tgz",
      "integrity": "sha512-EZaGjCUegtiU7kSMvOfEZpaCReowEf3yNidYu7+vfuGTm9ow4mthAparY5hisJqOHmJowVH3Upu+eJlUji6qqA==",
      "license": "MIT",
      "dependencies": {
        "@codemirror/language": "^6.0.0",
        "@lezer/rust": "^1.0.0"
      }
    },
    "node_modules/@codemirror/language": {
      "version": "6.12.3",
      "resolved": "https://registry.npmjs.org/@codemirror/language/-/language-6.12.3.tgz",
      "integrity": "sha512-QwCZW6Tt1siP37Jet9Tb02Zs81TQt6qQrZR2H+eGMcFsL1zMrk2/b9CLC7/9ieP1fjIUMgviLWMmgiHoJrj+ZA==",
      "dependencies": {
        "@codemirror/state": "^6.0.0",
        "@codemirror/view": "^6.23.0",
        "@lezer/common": "^1.5.0",
        "@lezer/highlight": "^1.0.0",
        "@lezer/lr": "^1.0.0",
        "style-mod": "^4.0.0"
      }
    },
    "node_modules/@codemirror/lint": {
      "version": "6.9.5",
      "resolved": "https://registry.npmjs.org/@codemirror/lint/-/lint-6.9.5.tgz",
      "integrity": "sha512-GElsbU9G7QT9xXhpUg1zWGmftA/7jamh+7+ydKRuT0ORpWS3wOSP0yT1FOlIZa7mIJjpVPipErsyvVqB9cfTFA==",
      "dependencies": {
        "@codemirror/state": "^6.0.0",
        "@codemirror/view": "^6.35.0",
        "crelt": "^1.0.5"
      }
    },
    "node_modules/@codemirror/search": {
      "version": "6.7.0",
      "resolved": "https://registry.npmjs.org/@codemirror/search/-/search-6.7.0.tgz",
      "integrity": "sha512-ZvGm99wc/s2cITtMT15LFdn8aH/aS+V+DqyGq/N5ZlV5vWtH+nILvC2nw0zX7ByNoHHDZ2IxxdW38O0tc5nVHg==",
      "dependencies": {
        "@codemirror/state": "^6.0.0",
        "@codemirror/view": "^6.37.0",
        "crelt": "^1.0.5"
      }
    },
    "node_modules/@codemirror/state": {
      "version": "6.6.0",
      "resolved": "https://registry.npmjs.org/@codemirror/state/-/state-6.6.0.tgz",
      "integrity": "sha512-4nbvra5R5EtiCzr9BTHiTLc+MLXK2QGiAVYMyi8PkQd3SR+6ixar/Q/01Fa21TBIDOZXgeWV4WppsQolSreAPQ==",
      "dependencies": {
        "@marijn/find-cluster-break": "^1.0.0"
      }
    },
    "node_modules/@codemirror/view": {
      "version": "6.41.1",
      "resolved": "https://registry.npmjs.org/@codemirror/view/-/view-6.41.1.tgz",
      "integrity": "sha512-ToDnWKbBnke+ZLrP6vgTTDScGi5H37YYuZGniQaBzxMVdtCxMrslsmtnOvbPZk4RX9bvkQqnWR/WS/35tJA0qg==",
      "dependencies": {
        "@codemirror/state": "^6.6.0",
        "crelt": "^1.0.6",
        "style-mod": "^4.1.0",
        "w3c-keyname": "^2.2.4"
      }
    },
    "node_modules/@lezer/common": {
      "version": "1.5.2",
      "resolved": "https://registry.npmjs.org/@lezer/common/-/common-1.5.2.tgz",
      "integrity": "sha512-sxQE460fPZyU3sdc8lafxiPwJHBzZRy/udNFynGQky1SePYBdhkBl1kOagA9uT3pxR8K09bOrmTUqA9wb/PjSQ=="
    },
    "node_modules/@lezer/cpp": {
      "version": "1.1.5",
      "resolved": "https://registry.npmjs.org/@lezer/cpp/-/cpp-1.1.5.tgz",
      "integrity": "sha512-DIhSXmYtJKLehrjzDFN+2cPt547ySQ41nA8yqcDf/GxMc+YM736xqltFkvADL2M0VebU5I+3+4ks2Vv+Kyq3Aw==",
      "license": "MIT",
      "dependencies": {
        "@lezer/common": "^1.2.0",
        "@lezer/highlight": "^1.0.0",
        "@lezer/lr": "^1.0.0"
      }
    },
    "node_modules/@lezer/css": {
      "version": "1.3.3",
      "resolved": "https://registry.npmjs.org/@lezer/css/-/css-1.3.3.tgz",
      "integrity": "sha512-RzBo8r+/6QJeow7aPHIpGVIH59xTcJXp399820gZoMo9noQDRVpJLheIBUicYwKcsbOYoBRoLZlf2720dG/4Tg==",
      "dependencies": {
        "@lezer/common": "^1.2.0",
        "@lezer/highlight": "^1.0.0",
        "@lezer/lr": "^1.3.0"
      }
    },
    "node_modules/@lezer/go": {
      "version": "1.0.1",
      "resolved": "https://registry.npmjs.org/@lezer/go/-/go-1.0.1.tgz",
      "integrity": "sha512-xToRsYxwsgJNHTgNdStpcvmbVuKxTapV0dM0wey1geMMRc9aggoVyKgzYp41D2/vVOx+Ii4hmE206kvxIXBVXQ==",
      "license": "MIT",
      "dependencies": {
        "@lezer/common": "^1.2.0",
        "@lezer/highlight": "^1.0.0",
        "@lezer/lr": "^1.3.0"
      }
    },
    "node_modules/@lezer/highlight": {
      "version": "1.2.3",
      "resolved": "https://registry.npmjs.org/@lezer/highlight/-/highlight-1.2.3.tgz",
      "integrity": "sha512-qXdH7UqTvGfdVBINrgKhDsVTJTxactNNxLk7+UMwZhU13lMHaOBlJe9Vqp907ya56Y3+ed2tlqzys7jDkTmW0g==",
      "dependencies": {
        "@lezer/common": "^1.3.0"
      }
    },
    "node_modules/@lezer/html": {
      "version": "1.3.13",
      "resolved": "https://registry.npmjs.org/@lezer/html/-/html-1.3.13.tgz",
      "integrity": "sha512-oI7n6NJml729m7pjm9lvLvmXbdoMoi2f+1pwSDJkl9d68zGr7a9Btz8NdHTGQZtW2DA25ybeuv/SyDb9D5tseg==",
      "dependencies": {
        "@lezer/common": "^1.2.0",
        "@lezer/highlight": "^1.0.0",
        "@lezer/lr": "^1.0.0"
      }
    },
    "node_modules/@lezer/java": {
      "version": "1.1.3",
      "resolved": "https://registry.npmjs.org/@lezer/java/-/java-1.1.3.tgz",
      "integrity": "sha512-yHquUfujwg6Yu4Fd1GNHCvidIvJwi/1Xu2DaKl/pfWIA2c1oXkVvawH3NyXhCaFx4OdlYBVX5wvz2f7Aoa/4Xw==",
      "license": "MIT",
      "dependencies": {
        "@lezer/common": "^1.2.0",
        "@lezer/highlight": "^1.0.0",
        "@lezer/lr": "^1.0.0"
      }
    },
    "node_modules/@lezer/javascript": {
      "version": "1.5.4",
      "resolved": "https://registry.npmjs.org/@lezer/javascript/-/javascript-1.5.4.tgz",
      "integrity": "sha512-vvYx3MhWqeZtGPwDStM2dwgljd5smolYD2lR2UyFcHfxbBQebqx8yjmFmxtJ/E6nN6u1D9srOiVWm3Rb4tmcUA==",
      "dependencies": {
        "@lezer/common": "^1.2.0",
        "@lezer/highlight": "^1.1.3",
        "@lezer/lr": "^1.3.0"
      }
    },
    "node_modules/@lezer/lr": {
      "version": "1.4.10",
      "resolved": "https://registry.npmjs.org/@lezer/lr/-/lr-1.4.10.tgz",
      "integrity": "sha512-rnCpTIBafOx4mRp43xOxDJbFipJm/c0cia/V5TiGlhmMa+wsSdoGmUN3w5Bqrks/09Q/D4tNAmWaT8p6NRi77A==",
      "dependencies": {
        "@lezer/common": "^1.0.0"
      }
    },
    "node_modules/@lezer/markdown": {
      "version": "1.6.3",
      "resolved": "https://registry.npmjs.org/@lezer/markdown/-/markdown-1.6.3.tgz",
      "integrity": "sha512-jpGm5Ps+XErS+xA4urw7ogEGkeZOahVQF21Z6oECF0sj+2liwZopd2+I8uH5I/vZsRuuze3OxBREIANLf6KKUw==",
      "dependencies": {
        "@lezer/common": "^1.5.0",
        "@lezer/highlight": "^1.0.0"
      }
    },
    "node_modules/@lezer/python": {
      "version": "1.1.18",
      "resolved": "https://registry.npmjs.org/@lezer/python/-/python-1.1.18.tgz",
      "integrity": "sha512-31FiUrU7z9+d/ElGQLJFXl+dKOdx0jALlP3KEOsGTex8mvj+SoE1FgItcHWK/axkxCHGUSpqIHt6JAWfWu9Rhg==",
      "license": "MIT",
      "dependencies": {
        "@lezer/common": "^1.2.0",
        "@lezer/highlight": "^1.0.0",
        "@lezer/lr": "^1.0.0"
      }
    },
    "node_modules/@lezer/rust": {
      "version": "1.0.2",
      "resolved": "https://registry.npmjs.org/@lezer/rust/-/rust-1.0.2.tgz",
      "integrity": "sha512-Lz5sIPBdF2FUXcWeCu1//ojFAZqzTQNRga0aYv6dYXqJqPfMdCAI0NzajWUd4Xijj1IKJLtjoXRPMvTKWBcqKg==",
      "license": "MIT",
      "dependencies": {
        "@lezer/common": "^1.2.0",
        "@lezer/highlight": "^1.0.0",
        "@lezer/lr": "^1.0.0"
      }
    },
    "node_modules/@marijn/find-cluster-break": {
      "version": "1.0.2",
      "resolved": "https://registry.npmjs.org/@marijn/find-cluster-break/-/find-cluster-break-1.0.2.tgz",
      "integrity": "sha512-l0h88YhZFyKdXIFNfSWpyjStDjGHwZ/U7iobcK1cQQD8sejsONdQtTVU+1wVN1PBw40PiiHB1vA5S7VTfQiP9g=="
    },
    "node_modules/codemirror": {
      "version": "6.0.2",
      "resolved": "https://registry.npmjs.org/codemirror/-/codemirror-6.0.2.tgz",
      "integrity": "sha512-VhydHotNW5w1UGK0Qj96BwSk/Zqbp9WbnyK2W/eVMv4QyF41INRGpjUhFJY7/uDNuudSc33a/PKr4iDqRduvHw==",
      "dependencies": {
        "@codemirror/autocomplete": "^6.0.0",
        "@codemirror/commands": "^6.0.0",
        "@codemirror/language": "^6.0.0",
        "@codemirror/lint": "^6.0.0",
        "@codemirror/search": "^6.0.0",
        "@codemirror/state": "^6.0.0",
        "@codemirror/view": "^6.0.0"
      }
    },
    "node_modules/crelt": {
      "version": "1.0.6",
      "resolved": "https://registry.npmjs.org/crelt/-/crelt-1.0.6.tgz",
      "integrity": "sha512-VQ2MBenTq1fWZUH9DJNGti7kKv6EeAuYr3cLwxUWhIu1baTaXh4Ib5W2CqHVqib4/MqbYGJqiL3Zb8GJZr3l4g=="
    },
    "node_modules/style-mod": {
      "version": "4.1.3",
      "resolved": "https://registry.npmjs.org/style-mod/-/style-mod-4.1.3.tgz",
      "integrity": "sha512-i/n8VsZydrugj3Iuzll8+x/00GH2vnYsk1eomD8QiRrSAeW6ItbCQDtfXCeJHd0iwiNagqjQkvpvREEPtW3IoQ=="
    },
    "node_modules/w3c-keyname": {
      "version": "2.2.8",
      "resolved": "https://registry.npmjs.org/w3c-keyname/-/w3c-keyname-2.2.8.tgz",
      "integrity": "sha512-dpojBhNsCNN7T82Tm7k26A6G9ML3NkhDsnw9n/eoxSRlVBB4CEtIQ/KTCLI2Fwf3ataSXRhYFkQi3SlnFwPvPQ=="
    }
  }
}
